
Microsoft Visual Studio Solution File, Format Version 12.00
# Visual Studio 15
VisualStudioVersion = 15.0.26228.4
MinimumVisualStudioVersion = 10.0.40219.1
Project("{8BC9CEB8-8B4A-11D0-8D11-00A0C91BC942}") = "CUDA-music-detector", "CUDA-music-detector\CUDA-music-detector.vcxproj", "{7D0B387F-E0D2-4351-9A2C-F3947A12F141}"
EndProject
Global
	GlobalSection(SolutionConfigurationPlatforms) = preSolution
		Debug|x64 = Debug|x64
		Release|x64 = Release|x64
	EndGlobalSection
	GlobalSection(ProjectConfigurationPlatforms) = postSolution
		{7D0B387F-E0D2-4351-9A2C-F3947A12F141}.Debug|x64.ActiveCfg = Debug|x64
		{7D0B387F-E0D2-4351-9A2C-F3947A12F141}.Debug|x64.Build.0 = Debug|x64
		{7D0B387F-E0D2-4351-9A2C-F3947A12F141}.Release|x64.ActiveCfg = Release|x64
		{7D0B387F-E0D2-4351-9A2C-F3947A12F141}.Release|x64.Build.0 = Release|x64
	EndGlobalSection
	GlobalSection(SolutionProperties) = preSolution
		HideSolutionNode = FALSE
	EndGlobalSection
EndGlobal
